
Microsoft Visual Studio Solution File, Format Version 12.00
# Visual Studio Version 16
VisualStudioVersion = 16.0.30804.86
MinimumVisualStudioVersion = 10.0.40219.1
Project("{2150E333-8FDC-42A3-9474-1A3956D46DE8}") = "Setur.Services.Contact", "Setur.Services.Contact", "{11E29983-71A0-4730-B2B3-9FEF2468B22B}"
EndProject
Project("{2150E333-8FDC-42A3-9474-1A3956D46DE8}") = "src", "src", "{C5C223CE-027D-4E82-91E2-7A65BD297D3F}"
EndProject
Project("{2150E333-8FDC-42A3-9474-1A3956D46DE8}") = "tests", "tests", "{25C03B56-987C-4886-A944-FCF546AECA21}"
EndProject
Project("{9A19103F-16F7-4668-BE54-9A1E7A4F7556}") = "Setur.Services.Contact.Core", "Setur.Services.Contact\src\Setur.Services.Contact.Core\Setur.Services.Contact.Core.csproj", "{D4B6E0B6-C4E9-415B-A719-8592E9A10B32}"
EndProject
Project("{9A19103F-16F7-4668-BE54-9A1E7A4F7556}") = "Setur.Services.Contact.Application", "Setur.Services.Contact\src\Setur.Services.Contact.Application\Setur.Services.Contact.Application.csproj", "{6B6E8026-40D2-4896-A0BD-60BF1D04B39C}"
EndProject
Project("{9A19103F-16F7-4668-BE54-9A1E7A4F7556}") = "Setur.Services.Contact.Infrastructure", "Setur.Services.Contact\src\Setur.Services.Contact.Infrastructure\Setur.Services.Contact.Infrastructure.csproj", "{F00BB6E4-66C7-43CE-A7AD-375CD679651C}"
EndProject
Project("{9A19103F-16F7-4668-BE54-9A1E7A4F7556}") = "Setur.Services.Contact.Api", "Setur.Services.Contact\src\Setur.Services.Contact.Api\Setur.Services.Contact.Api.csproj", "{26101A93-4256-49B4-ACC0-CD4EE68D477A}"
EndProject
Project("{9A19103F-16F7-4668-BE54-9A1E7A4F7556}") = "Setur.Services.Contact.Tests.Unit", "Setur.Services.Contact\tests\Setur.Services.Contact.Tests.Unit\Setur.Services.Contact.Tests.Unit.csproj", "{6029E3A3-0746-4ACB-8C1E-F201B7FE5912}"
EndProject
Project("{2150E333-8FDC-42A3-9474-1A3956D46DE8}") = "Setur.Services.Report", "Setur.Services.Report", "{B5D93922-DA3E-446F-B5B9-7F6992BCF421}"
EndProject
Project("{2150E333-8FDC-42A3-9474-1A3956D46DE8}") = "src", "src", "{AA546290-C1C5-4DB9-8F85-556CF66F8605}"
EndProject
Project("{2150E333-8FDC-42A3-9474-1A3956D46DE8}") = "tests", "tests", "{6760F7F1-24EE-41A5-A2F9-8A8A42B9DFBA}"
EndProject
Project("{9A19103F-16F7-4668-BE54-9A1E7A4F7556}") = "Setur.Services.Report.Core", "Setur.Services.Report\src\Setur.Services.Report.Core\Setur.Services.Report.Core.csproj", "{D1A5C8B4-448C-46AF-B95C-2EAF3AEB848D}"
EndProject
Project("{9A19103F-16F7-4668-BE54-9A1E7A4F7556}") = "Setur.Services.Report.Application", "Setur.Services.Report\src\Setur.Services.Report.Application\Setur.Services.Report.Application.csproj", "{3EDB5156-92DA-4561-9843-748D747D6C73}"
EndProject
Project("{9A19103F-16F7-4668-BE54-9A1E7A4F7556}") = "Setur.Services.Report.Infrastructure", "Setur.Services.Report\src\Setur.Services.Report.Infrastructure\Setur.Services.Report.Infrastructure.csproj", "{6A44CD8B-F509-4614-B5F0-A050F8C33A99}"
EndProject
Project("{9A19103F-16F7-4668-BE54-9A1E7A4F7556}") = "Setur.Services.Report.Api", "Setur.Services.Report\src\Setur.Services.Report.Api\Setur.Services.Report.Api.csproj", "{A014873D-61EC-4371-8404-4C320DE7172E}"
EndProject
Project("{9A19103F-16F7-4668-BE54-9A1E7A4F7556}") = "Setur.Services.Report.Tests.Unit", "Setur.Services.Report\tests\Setur.Services.Report.Tests.Unit\Setur.Services.Report.Tests.Unit.csproj", "{CBA1CB32-04F6-469C-86B9-50285573AED6}"
EndProject
Project("{E53339B2-1760-4266-BCC7-CA923CBCF16C}") = "docker-compose", "docker-compose.dcproj", "{92A81982-5226-4706-B478-7BE78843D0A2}"
EndProject
Global
	GlobalSection(SolutionConfigurationPlatforms) = preSolution
		Debug|Any CPU = Debug|Any CPU
		Release|Any CPU = Release|Any CPU
	EndGlobalSection
	GlobalSection(ProjectConfigurationPlatforms) = postSolution
		{D4B6E0B6-C4E9-415B-A719-8592E9A10B32}.Debug|Any CPU.ActiveCfg = Debug|Any CPU
		{D4B6E0B6-C4E9-415B-A719-8592E9A10B32}.Debug|Any CPU.Build.0 = Debug|Any CPU
		{D4B6E0B6-C4E9-415B-A719-8592E9A10B32}.Release|Any CPU.ActiveCfg = Release|Any CPU
		{D4B6E0B6-C4E9-415B-A719-8592E9A10B32}.Release|Any CPU.Build.0 = Release|Any CPU
		{6B6E8026-40D2-4896-A0BD-60BF1D04B39C}.Debug|Any CPU.ActiveCfg = Debug|Any CPU
		{6B6E8026-40D2-4896-A0BD-60BF1D04B39C}.Debug|Any CPU.Build.0 = Debug|Any CPU
		{6B6E8026-40D2-4896-A0BD-60BF1D04B39C}.Release|Any CPU.ActiveCfg = Release|Any CPU
		{6B6E8026-40D2-4896-A0BD-60BF1D04B39C}.Release|Any CPU.Build.0 = Release|Any CPU
		{F00BB6E4-66C7-43CE-A7AD-375CD679651C}.Debug|Any CPU.ActiveCfg = Debug|Any CPU
		{F00BB6E4-66C7-43CE-A7AD-375CD679651C}.Debug|Any CPU.Build.0 = Debug|Any CPU
		{F00BB6E4-66C7-43CE-A7AD-375CD679651C}.Release|Any CPU.ActiveCfg = Release|Any CPU
		{F00BB6E4-66C7-43CE-A7AD-375CD679651C}.Release|Any CPU.Build.0 = Release|Any CPU
		{26101A93-4256-49B4-ACC0-CD4EE68D477A}.Debug|Any CPU.ActiveCfg = Debug|Any CPU
		{26101A93-4256-49B4-ACC0-CD4EE68D477A}.Debug|Any CPU.Build.0 = Debug|Any CPU
		{26101A93-4256-49B4-ACC0-CD4EE68D477A}.Release|Any CPU.ActiveCfg = Release|Any CPU
		{26101A93-4256-49B4-ACC0-CD4EE68D477A}.Release|Any CPU.Build.0 = Release|Any CPU
		{6029E3A3-0746-4ACB-8C1E-F201B7FE5912}.Debug|Any CPU.ActiveCfg = Debug|Any CPU
		{6029E3A3-0746-4ACB-8C1E-F201B7FE5912}.Debug|Any CPU.Build.0 = Debug|Any CPU
		{6029E3A3-0746-4ACB-8C1E-F201B7FE5912}.Release|Any CPU.ActiveCfg = Release|Any CPU
		{6029E3A3-0746-4ACB-8C1E-F201B7FE5912}.Release|Any CPU.Build.0 = Release|Any CPU
		{D1A5C8B4-448C-46AF-B95C-2EAF3AEB848D}.Debug|Any CPU.ActiveCfg = Debug|Any CPU
		{D1A5C8B4-448C-46AF-B95C-2EAF3AEB848D}.Debug|Any CPU.Build.0 = Debug|Any CPU
		{D1A5C8B4-448C-46AF-B95C-2EAF3AEB848D}.Release|Any CPU.ActiveCfg = Release|Any CPU
		{D1A5C8B4-448C-46AF-B95C-2EAF3AEB848D}.Release|Any CPU.Build.0 = Release|Any CPU
		{3EDB5156-92DA-4561-9843-748D747D6C73}.Debug|Any CPU.ActiveCfg = Debug|Any CPU
		{3EDB5156-92DA-4561-9843-748D747D6C73}.Debug|Any CPU.Build.0 = Debug|Any CPU
		{3EDB5156-92DA-4561-9843-748D747D6C73}.Release|Any CPU.ActiveCfg = Release|Any CPU
		{3EDB5156-92DA-4561-9843-748D747D6C73}.Release|Any CPU.Build.0 = Release|Any CPU
		{6A44CD8B-F509-4614-B5F0-A050F8C33A99}.Debug|Any CPU.ActiveCfg = Debug|Any CPU
		{6A44CD8B-F509-4614-B5F0-A050F8C33A99}.Debug|Any CPU.Build.0 = Debug|Any CPU
		{6A44CD8B-F509-4614-B5F0-A050F8C33A99}.Release|Any CPU.ActiveCfg = Release|Any CPU
		{6A44CD8B-F509-4614-B5F0-A050F8C33A99}.Release|Any CPU.Build.0 = Release|Any CPU
		{A014873D-61EC-4371-8404-4C320DE7172E}.Debug|Any CPU.ActiveCfg = Debug|Any CPU
		{A014873D-61EC-4371-8404-4C320DE7172E}.Debug|Any CPU.Build.0 = Debug|Any CPU
		{A014873D-61EC-4371-8404-4C320DE7172E}.Release|Any CPU.ActiveCfg = Release|Any CPU
		{A014873D-61EC-4371-8404-4C320DE7172E}.Release|Any CPU.Build.0 = Release|Any CPU
		{CBA1CB32-04F6-469C-86B9-50285573AED6}.Debug|Any CPU.ActiveCfg = Debug|Any CPU
		{CBA1CB32-04F6-469C-86B9-50285573AED6}.Debug|Any CPU.Build.0 = Debug|Any CPU
		{CBA1CB32-04F6-469C-86B9-50285573AED6}.Release|Any CPU.ActiveCfg = Release|Any CPU
		{CBA1CB32-04F6-469C-86B9-50285573AED6}.Release|Any CPU.Build.0 = Release|Any CPU
		{92A81982-5226-4706-B478-7BE78843D0A2}.Debug|Any CPU.ActiveCfg = Debug|Any CPU
		{92A81982-5226-4706-B478-7BE78843D0A2}.Debug|Any CPU.Build.0 = Debug|Any CPU
		{92A81982-5226-4706-B478-7BE78843D0A2}.Release|Any CPU.ActiveCfg = Release|Any CPU
		{92A81982-5226-4706-B478-7BE78843D0A2}.Release|Any CPU.Build.0 = Release|Any CPU
	EndGlobalSection
	GlobalSection(SolutionProperties) = preSolution
		HideSolutionNode = FALSE
	EndGlobalSection
	GlobalSection(NestedProjects) = preSolution
		{C5C223CE-027D-4E82-91E2-7A65BD297D3F} = {11E29983-71A0-4730-B2B3-9FEF2468B22B}
		{25C03B56-987C-4886-A944-FCF546AECA21} = {11E29983-71A0-4730-B2B3-9FEF2468B22B}
		{D4B6E0B6-C4E9-415B-A719-8592E9A10B32} = {C5C223CE-027D-4E82-91E2-7A65BD297D3F}
		{6B6E8026-40D2-4896-A0BD-60BF1D04B39C} = {C5C223CE-027D-4E82-91E2-7A65BD297D3F}
		{F00BB6E4-66C7-43CE-A7AD-375CD679651C} = {C5C223CE-027D-4E82-91E2-7A65BD297D3F}
		{26101A93-4256-49B4-ACC0-CD4EE68D477A} = {C5C223CE-027D-4E82-91E2-7A65BD297D3F}
		{6029E3A3-0746-4ACB-8C1E-F201B7FE5912} = {25C03B56-987C-4886-A944-FCF546AECA21}
		{AA546290-C1C5-4DB9-8F85-556CF66F8605} = {B5D93922-DA3E-446F-B5B9-7F6992BCF421}
		{6760F7F1-24EE-41A5-A2F9-8A8A42B9DFBA} = {B5D93922-DA3E-446F-B5B9-7F6992BCF421}
		{D1A5C8B4-448C-46AF-B95C-2EAF3AEB848D} = {AA546290-C1C5-4DB9-8F85-556CF66F8605}
		{3EDB5156-92DA-4561-9843-748D747D6C73} = {AA546290-C1C5-4DB9-8F85-556CF66F8605}
		{6A44CD8B-F509-4614-B5F0-A050F8C33A99} = {AA546290-C1C5-4DB9-8F85-556CF66F8605}
		{A014873D-61EC-4371-8404-4C320DE7172E} = {AA546290-C1C5-4DB9-8F85-556CF66F8605}
		{CBA1CB32-04F6-469C-86B9-50285573AED6} = {6760F7F1-24EE-41A5-A2F9-8A8A42B9DFBA}
	EndGlobalSection
	GlobalSection(ExtensibilityGlobals) = postSolution
		SolutionGuid = {FF814958-9C99-4F59-98B1-F9F68DEF2F0F}
	EndGlobalSection
EndGlobal
